
Microsoft Visual Studio Solution File, Format Version 11.00
# Visual Studio 2010
Project("{FAE04EC0-301F-11D3-BF4B-00C04F79EFBC}") = "Windcape.Phone.DanishWeather", "Windcape.Phone.DanishWeather\Windcape.Phone.DanishWeather.csproj", "{6ED171AB-3354-4199-9318-4D91FAAF0829}"
EndProject
Project("{FAE04EC0-301F-11D3-BF4B-00C04F79EFBC}") = "Phone.Controls.Samples", "Phone.Controls.Samples\Phone.Controls.Samples.csproj", "{700BA959-2F8B-459F-802A-76836144765B}"
EndProject
Project("{2150E333-8FDC-42A3-9474-1A3956D46DE8}") = "Solution Items", "Solution Items", "{858490A2-30F4-4C6B-8D22-65AA185625A0}"
	ProjectSection(SolutionItems) = preProject
		Authors.txt = Authors.txt
		License.txt = License.txt
	EndProjectSection
EndProject
Global
	GlobalSection(SolutionConfigurationPlatforms) = preSolution
		Debug|Any CPU = Debug|Any CPU
		Release|Any CPU = Release|Any CPU
	EndGlobalSection
	GlobalSection(ProjectConfigurationPlatforms) = postSolution
		{6ED171AB-3354-4199-9318-4D91FAAF0829}.Debug|Any CPU.ActiveCfg = Debug|Any CPU
		{6ED171AB-3354-4199-9318-4D91FAAF0829}.Debug|Any CPU.Build.0 = Debug|Any CPU
		{6ED171AB-3354-4199-9318-4D91FAAF0829}.Debug|Any CPU.Deploy.0 = Debug|Any CPU
		{6ED171AB-3354-4199-9318-4D91FAAF0829}.Release|Any CPU.ActiveCfg = Release|Any CPU
		{6ED171AB-3354-4199-9318-4D91FAAF0829}.Release|Any CPU.Build.0 = Release|Any CPU
		{6ED171AB-3354-4199-9318-4D91FAAF0829}.Release|Any CPU.Deploy.0 = Release|Any CPU
		{700BA959-2F8B-459F-802A-76836144765B}.Debug|Any CPU.ActiveCfg = Debug|Any CPU
		{700BA959-2F8B-459F-802A-76836144765B}.Debug|Any CPU.Build.0 = Debug|Any CPU
		{700BA959-2F8B-459F-802A-76836144765B}.Release|Any CPU.ActiveCfg = Release|Any CPU
		{700BA959-2F8B-459F-802A-76836144765B}.Release|Any CPU.Build.0 = Release|Any CPU
	EndGlobalSection
	GlobalSection(SolutionProperties) = preSolution
		HideSolutionNode = FALSE
	EndGlobalSection
EndGlobal