
Microsoft Visual Studio Solution File, Format Version 11.00
# Visual Studio 2010
Project("{FAE04EC0-301F-11D3-BF4B-00C04F79EFBC}") = "DMI.Weather", "DMI.Weather\DMI.Weather.csproj", "{8E2F2F7A-8B81-4813-B397-A0ED88F5301A}"
EndProject
Project("{2150E333-8FDC-42A3-9474-1A3956D46DE8}") = "Solution Items", "Solution Items", "{0D106C03-B214-4DA8-9F83-3D6C2A3C3333}"
	ProjectSection(SolutionItems) = preProject
		AUTHORS.txt = AUTHORS.txt
		LICENSE.txt = LICENSE.txt
		README.md = README.md
		TODO.txt = TODO.txt
	EndProjectSection
EndProject
Project("{FAE04EC0-301F-11D3-BF4B-00C04F79EFBC}") = "DMI.Service", "DMI.Service\DMI.Service.csproj", "{A138B4D9-93BC-4AF2-A822-6942540EF4A5}"
EndProject
Project("{FAE04EC0-301F-11D3-BF4B-00C04F79EFBC}") = "DMI.TaskAgent", "DMI.TaskAgent\DMI.TaskAgent.csproj", "{2BCC7015-13C3-49E0-B4EB-7D821BA8808E}"
EndProject
Global
	GlobalSection(SolutionConfigurationPlatforms) = preSolution
		Debug|Any CPU = Debug|Any CPU
		Debug|Mixed Platforms = Debug|Mixed Platforms
		Debug|Win32 = Debug|Win32
		Release|Any CPU = Release|Any CPU
		Release|Mixed Platforms = Release|Mixed Platforms
		Release|Win32 = Release|Win32
	EndGlobalSection
	GlobalSection(ProjectConfigurationPlatforms) = postSolution
		{8E2F2F7A-8B81-4813-B397-A0ED88F5301A}.Debug|Any CPU.ActiveCfg = Debug|Any CPU
		{8E2F2F7A-8B81-4813-B397-A0ED88F5301A}.Debug|Any CPU.Build.0 = Debug|Any CPU
		{8E2F2F7A-8B81-4813-B397-A0ED88F5301A}.Debug|Any CPU.Deploy.0 = Debug|Any CPU
		{8E2F2F7A-8B81-4813-B397-A0ED88F5301A}.Debug|Mixed Platforms.ActiveCfg = Debug|Any CPU
		{8E2F2F7A-8B81-4813-B397-A0ED88F5301A}.Debug|Mixed Platforms.Build.0 = Debug|Any CPU
		{8E2F2F7A-8B81-4813-B397-A0ED88F5301A}.Debug|Mixed Platforms.Deploy.0 = Debug|Any CPU
		{8E2F2F7A-8B81-4813-B397-A0ED88F5301A}.Debug|Win32.ActiveCfg = Debug|Any CPU
		{8E2F2F7A-8B81-4813-B397-A0ED88F5301A}.Release|Any CPU.ActiveCfg = Release|Any CPU
		{8E2F2F7A-8B81-4813-B397-A0ED88F5301A}.Release|Any CPU.Build.0 = Release|Any CPU
		{8E2F2F7A-8B81-4813-B397-A0ED88F5301A}.Release|Any CPU.Deploy.0 = Release|Any CPU
		{8E2F2F7A-8B81-4813-B397-A0ED88F5301A}.Release|Mixed Platforms.ActiveCfg = Release|Any CPU
		{8E2F2F7A-8B81-4813-B397-A0ED88F5301A}.Release|Mixed Platforms.Build.0 = Release|Any CPU
		{8E2F2F7A-8B81-4813-B397-A0ED88F5301A}.Release|Mixed Platforms.Deploy.0 = Release|Any CPU
		{8E2F2F7A-8B81-4813-B397-A0ED88F5301A}.Release|Win32.ActiveCfg = Release|Any CPU
		{A138B4D9-93BC-4AF2-A822-6942540EF4A5}.Debug|Any CPU.ActiveCfg = Debug|Any CPU
		{A138B4D9-93BC-4AF2-A822-6942540EF4A5}.Debug|Any CPU.Build.0 = Debug|Any CPU
		{A138B4D9-93BC-4AF2-A822-6942540EF4A5}.Debug|Mixed Platforms.ActiveCfg = Debug|Any CPU
		{A138B4D9-93BC-4AF2-A822-6942540EF4A5}.Debug|Mixed Platforms.Build.0 = Debug|Any CPU
		{A138B4D9-93BC-4AF2-A822-6942540EF4A5}.Debug|Win32.ActiveCfg = Debug|Any CPU
		{A138B4D9-93BC-4AF2-A822-6942540EF4A5}.Release|Any CPU.ActiveCfg = Release|Any CPU
		{A138B4D9-93BC-4AF2-A822-6942540EF4A5}.Release|Any CPU.Build.0 = Release|Any CPU
		{A138B4D9-93BC-4AF2-A822-6942540EF4A5}.Release|Mixed Platforms.ActiveCfg = Release|Any CPU
		{A138B4D9-93BC-4AF2-A822-6942540EF4A5}.Release|Mixed Platforms.Build.0 = Release|Any CPU
		{A138B4D9-93BC-4AF2-A822-6942540EF4A5}.Release|Win32.ActiveCfg = Release|Any CPU
		{2BCC7015-13C3-49E0-B4EB-7D821BA8808E}.Debug|Any CPU.ActiveCfg = Debug|Any CPU
		{2BCC7015-13C3-49E0-B4EB-7D821BA8808E}.Debug|Any CPU.Build.0 = Debug|Any CPU
		{2BCC7015-13C3-49E0-B4EB-7D821BA8808E}.Debug|Mixed Platforms.ActiveCfg = Debug|Any CPU
		{2BCC7015-13C3-49E0-B4EB-7D821BA8808E}.Debug|Mixed Platforms.Build.0 = Debug|Any CPU
		{2BCC7015-13C3-49E0-B4EB-7D821BA8808E}.Debug|Win32.ActiveCfg = Debug|Any CPU
		{2BCC7015-13C3-49E0-B4EB-7D821BA8808E}.Release|Any CPU.ActiveCfg = Release|Any CPU
		{2BCC7015-13C3-49E0-B4EB-7D821BA8808E}.Release|Any CPU.Build.0 = Release|Any CPU
		{2BCC7015-13C3-49E0-B4EB-7D821BA8808E}.Release|Mixed Platforms.ActiveCfg = Release|Any CPU
		{2BCC7015-13C3-49E0-B4EB-7D821BA8808E}.Release|Mixed Platforms.Build.0 = Release|Any CPU
		{2BCC7015-13C3-49E0-B4EB-7D821BA8808E}.Release|Win32.ActiveCfg = Release|Any CPU
	EndGlobalSection
	GlobalSection(SolutionProperties) = preSolution
		HideSolutionNode = FALSE
	EndGlobalSection
EndGlobal